{
  "R": {
    "Version": "4.1.0",
    "Repositories": [
      {
        "Name": "CRAN",
        "URL": "https://packagemanager.rstudio.com/cran/latest"
      },
      {
        "Name": "BioCsoft",
        "URL": "https://packagemanager.rstudio.com/bioconductor/packages/3.14/bioc"
      },
      {
        "Name": "BioCann",
        "URL": "https://packagemanager.rstudio.com/bioconductor/packages/3.14/data/annotation"
      },
      {
        "Name": "BioCexp",
        "URL": "https://packagemanager.rstudio.com/bioconductor/packages/3.14/data/experiment"
      },
      {
        "Name": "BioCworkflows",
        "URL": "https://packagemanager.rstudio.com/bioconductor/packages/3.14/workflows"
      },
      {
        "Name": "BioCbooks",
        "URL": "https://packagemanager.rstudio.com/bioconductor/packages/3.14/books"
      }
    ]
  },
  "Packages": {
    "R6": {
      "Package": "R6",
      "Version": "2.5.1",
      "Source": "Repository",
      "Repository": "RSPM",
      "Hash": "470851b6d5d0ac559e9d01bb352b4021"
    },
    "Rcpp": {
      "Package": "Rcpp",
      "Version": "1.0.7",
      "Source": "Repository",
      "Repository": "RSPM",
      "Hash": "dab19adae4440ae55aa8a9d238b246bb"
    },
    "clustermq": {
      "Package": "clustermq",
      "Version": "0.8.95.2",
      "Source": "Repository",
      "Repository": "RSPM",
      "Hash": "cfc7c04384e7340ff65b450d097da566"
    },
    "codetools": {
      "Package": "codetools",
      "Version": "0.2-18",
      "Source": "Repository",
      "Repository": "CRAN",
      "Hash": "019388fc48e48b3da0d3a76ff94608a8"
    },
    "crayon": {
      "Package": "crayon",
      "Version": "1.4.2",
      "Source": "Repository",
      "Repository": "RSPM",
      "Hash": "0a6a65d92bd45b47b94b84244b528d17"
    },
    "ellipsis": {
      "Package": "ellipsis",
      "Version": "0.3.2",
      "Source": "Repository",
      "Repository": "RSPM",
      "Hash": "bb0eec2fe32e88d9e2836c2f73ea2077"
    },
    "foreach": {
      "Package": "foreach",
      "Version": "1.5.1",
      "Source": "Repository",
      "Repository": "RSPM",
      "Hash": "e32cfc0973caba11b65b1fa691b4d8c9"
    },
    "glue": {
      "Package": "glue",
      "Version": "1.5.1",
      "Source": "Repository",
      "Repository": "RSPM",
      "Hash": "e01bc1fe0c20954ec97eac86640abc70"
    },
    "hms": {
      "Package": "hms",
      "Version": "1.1.1",
      "Source": "Repository",
      "Repository": "RSPM",
      "Hash": "5b8a2dd0fdbe2ab4f6081e6c7be6dfca"
    },
    "iterators": {
      "Package": "iterators",
      "Version": "1.0.13",
      "Source": "Repository",
      "Repository": "RSPM",
      "Hash": "64778782a89480e9a644f69aad9a2877"
    },
    "lifecycle": {
      "Package": "lifecycle",
      "Version": "1.0.1",
      "Source": "Repository",
      "Repository": "RSPM",
      "Hash": "a6b6d352e3ed897373ab19d8395c98d0"
    },
    "magrittr": {
      "Package": "magrittr",
      "Version": "2.0.1",
      "Source": "Repository",
      "Repository": "RSPM",
      "Hash": "41287f1ac7d28a92f0a286ed507928d3"
    },
    "narray": {
      "Package": "narray",
      "Version": "0.4.1.1",
      "Source": "Repository",
      "Repository": "RSPM",
      "Hash": "c64865aba235f36a49d798613cbfccf7"
    },
    "palmerpenguins": {
      "Package": "palmerpenguins",
      "Version": "0.1.0",
      "Source": "Repository",
      "Repository": "RSPM",
      "Hash": "9a455031890b2adf20e19784a114ddd4"
    },
    "pkgconfig": {
      "Package": "pkgconfig",
      "Version": "2.0.3",
      "Source": "Repository",
      "Repository": "RSPM",
      "Hash": "01f28d4278f15c76cddbea05899c5d6f"
    },
    "prettyunits": {
      "Package": "prettyunits",
      "Version": "1.1.1",
      "Source": "Repository",
      "Repository": "RSPM",
      "Hash": "95ef9167b75dde9d2ccc3c7528393e7e"
    },
    "progress": {
      "Package": "progress",
      "Version": "1.2.2",
      "Source": "Repository",
      "Repository": "RSPM",
      "Hash": "14dc9f7a3c91ebb14ec5bb9208a07061"
    },
    "purrr": {
      "Package": "purrr",
      "Version": "0.3.4",
      "Source": "Repository",
      "Repository": "RSPM",
      "Hash": "97def703420c8ab10d8f0e6c72101e02"
    },
    "renv": {
      "Package": "renv",
      "Version": "0.14.0",
      "Source": "Repository",
      "Repository": "RSPM",
      "Hash": "30e5eba91b67f7f4d75d31de14bbfbdc"
    },
    "rlang": {
      "Package": "rlang",
      "Version": "0.4.12",
      "Source": "Repository",
      "Repository": "RSPM",
      "Hash": "0879f5388fe6e4d56d7ef0b7ccb031e5"
    },
    "stringi": {
      "Package": "stringi",
      "Version": "1.7.6",
      "Source": "Repository",
      "Repository": "RSPM",
      "Hash": "bba431031d30789535745a9627ac9271"
    },
    "stringr": {
      "Package": "stringr",
      "Version": "1.4.0",
      "Source": "Repository",
      "Repository": "RSPM",
      "Hash": "0759e6b6c0957edb1311028a49a35e76"
    },
    "vctrs": {
      "Package": "vctrs",
      "Version": "0.3.8",
      "Source": "Repository",
      "Repository": "RSPM",
      "Hash": "ecf749a1b39ea72bd9b51b76292261f1"
    }
  }
}
